
Microsoft Visual Studio Solution File, Format Version 12.00
# Visual Studio Version 16
VisualStudioVersion = 16.0.30717.126
MinimumVisualStudioVersion = 10.0.40219.1
Project("{9A19103F-16F7-4668-BE54-9A1E7A4F7556}") = "PatronFactoryMethod", "PatronFactoryMethod\PatronFactoryMethod.csproj", "{60DE2844-B83E-4494-A9B6-D0E8710CA173}"
EndProject
Project("{FAE04EC0-301F-11D3-BF4B-00C04F79EFBC}") = "PatronSimpleFactory", "PatronSimpleFactory\PatronSimpleFactory.csproj", "{45F330AC-B6CB-49D9-8191-A1E5159071E2}"
EndProject
Global
	GlobalSection(SolutionConfigurationPlatforms) = preSolution
		Debug|Any CPU = Debug|Any CPU
		Release|Any CPU = Release|Any CPU
	EndGlobalSection
	GlobalSection(ProjectConfigurationPlatforms) = postSolution
		{60DE2844-B83E-4494-A9B6-D0E8710CA173}.Debug|Any CPU.ActiveCfg = Debug|Any CPU
		{60DE2844-B83E-4494-A9B6-D0E8710CA173}.Debug|Any CPU.Build.0 = Debug|Any CPU
		{60DE2844-B83E-4494-A9B6-D0E8710CA173}.Release|Any CPU.ActiveCfg = Release|Any CPU
		{60DE2844-B83E-4494-A9B6-D0E8710CA173}.Release|Any CPU.Build.0 = Release|Any CPU
		{45F330AC-B6CB-49D9-8191-A1E5159071E2}.Debug|Any CPU.ActiveCfg = Debug|Any CPU
		{45F330AC-B6CB-49D9-8191-A1E5159071E2}.Debug|Any CPU.Build.0 = Debug|Any CPU
		{45F330AC-B6CB-49D9-8191-A1E5159071E2}.Release|Any CPU.ActiveCfg = Release|Any CPU
		{45F330AC-B6CB-49D9-8191-A1E5159071E2}.Release|Any CPU.Build.0 = Release|Any CPU
	EndGlobalSection
	GlobalSection(SolutionProperties) = preSolution
		HideSolutionNode = FALSE
	EndGlobalSection
	GlobalSection(ExtensibilityGlobals) = postSolution
		SolutionGuid = {70B7A0FC-2791-4E10-8CB6-FF3D4AD568B3}
	EndGlobalSection
EndGlobal
