
Microsoft Visual Studio Solution File, Format Version 12.00
# Visual Studio Version 16
VisualStudioVersion = 16.0.30717.126
MinimumVisualStudioVersion = 10.0.40219.1
Project("{9A19103F-16F7-4668-BE54-9A1E7A4F7556}") = "PatronSingleton", "PatronSingleton\PatronSingleton.csproj", "{6EB5259A-92FE-4301-8B12-3D20E333A15B}"
EndProject
Project("{FAE04EC0-301F-11D3-BF4B-00C04F79EFBC}") = "PatronSingletonStatic", "PatronSingletonStatic\PatronSingletonStatic.csproj", "{80F864F4-1D57-4E73-97F9-0186ED62C83A}"
EndProject
Global
	GlobalSection(SolutionConfigurationPlatforms) = preSolution
		Debug|Any CPU = Debug|Any CPU
		Release|Any CPU = Release|Any CPU
	EndGlobalSection
	GlobalSection(ProjectConfigurationPlatforms) = postSolution
		{6EB5259A-92FE-4301-8B12-3D20E333A15B}.Debug|Any CPU.ActiveCfg = Debug|Any CPU
		{6EB5259A-92FE-4301-8B12-3D20E333A15B}.Debug|Any CPU.Build.0 = Debug|Any CPU
		{6EB5259A-92FE-4301-8B12-3D20E333A15B}.Release|Any CPU.ActiveCfg = Release|Any CPU
		{6EB5259A-92FE-4301-8B12-3D20E333A15B}.Release|Any CPU.Build.0 = Release|Any CPU
		{80F864F4-1D57-4E73-97F9-0186ED62C83A}.Debug|Any CPU.ActiveCfg = Debug|Any CPU
		{80F864F4-1D57-4E73-97F9-0186ED62C83A}.Debug|Any CPU.Build.0 = Debug|Any CPU
		{80F864F4-1D57-4E73-97F9-0186ED62C83A}.Release|Any CPU.ActiveCfg = Release|Any CPU
		{80F864F4-1D57-4E73-97F9-0186ED62C83A}.Release|Any CPU.Build.0 = Release|Any CPU
	EndGlobalSection
	GlobalSection(SolutionProperties) = preSolution
		HideSolutionNode = FALSE
	EndGlobalSection
	GlobalSection(ExtensibilityGlobals) = postSolution
		SolutionGuid = {9DA0B809-D2B7-4069-918B-78D89E021139}
	EndGlobalSection
EndGlobal
